
Microsoft Visual Studio Solution File, Format Version 12.00
# Visual Studio Version 17
VisualStudioVersion = 17.5.33530.505
MinimumVisualStudioVersion = 10.0.40219.1
Project("{FAE04EC0-301F-11D3-BF4B-00C04F79EFBC}") = "calculator", "calculator\calculator.csproj", "{B21CE10A-5BD1-4F33-91EF-9C720844E1A0}"
EndProject
Global
	GlobalSection(SolutionConfigurationPlatforms) = preSolution
		Debug|Any CPU = Debug|Any CPU
		Release|Any CPU = Release|Any CPU
	EndGlobalSection
	GlobalSection(ProjectConfigurationPlatforms) = postSolution
		{B21CE10A-5BD1-4F33-91EF-9C720844E1A0}.Debug|Any CPU.ActiveCfg = Debug|Any CPU
		{B21CE10A-5BD1-4F33-91EF-9C720844E1A0}.Debug|Any CPU.Build.0 = Debug|Any CPU
		{B21CE10A-5BD1-4F33-91EF-9C720844E1A0}.Release|Any CPU.ActiveCfg = Release|Any CPU
		{B21CE10A-5BD1-4F33-91EF-9C720844E1A0}.Release|Any CPU.Build.0 = Release|Any CPU
	EndGlobalSection
	GlobalSection(SolutionProperties) = preSolution
		HideSolutionNode = FALSE
	EndGlobalSection
	GlobalSection(ExtensibilityGlobals) = postSolution
		SolutionGuid = {A453892E-D3C9-4707-9830-E4AC848808DF}
	EndGlobalSection
EndGlobal
